PODS:
  - CryptoSwift (0.13.1)
  - DBAttachmentPickerController (1.1.4)
  - DropDown (2.3.12)
  - FSCalendar (2.8.0)
  - SkyFloatingLabelTextField (3.6.0)

DEPENDENCIES:
  - CryptoSwift
  - DBAttachmentPickerController (~> 1.1.0)
  - DropDown
  - FSCalendar
  - SkyFloatingLabelTextField (~> 3.0)

SPEC REPOS:
  https://github.com/cocoapods/specs.git:
    - CryptoSwift
    - DBAttachmentPickerController
    - DropDown
    - FSCalendar
    - SkyFloatingLabelTextField

SPEC CHECKSUMS:
  CryptoSwift: ff68c35a53e03177d31aaa2c1e8b3e010aeed6cb
  DBAttachmentPickerController: 9b3c5f84a9e4530da6d9e098c710f2152957c31e
  DropDown: 0bcc278799ec11a3d34ce1aac9367fbbaf5423d9
  FSCalendar: 3a5ed3636e2ba1b83ebebfcf0c2603105a6f5efe
  SkyFloatingLabelTextField: 38164979b79512f9ff9288ad8acfc4bbf5d843e3

PODFILE CHECKSUM: 1746ce1dead4f157b1710b4971d19d55d97c408c

COCOAPODS: 1.5.3
